// !$*UTF8*$!
{
	archiveVersion = 1;
	classes = {
	};
	objectVersion = 50;
	objects = {

/* Begin PBXBuildFile section */
		7730C2CC23A015B800C400CB /* Extensions.swift in Sources */ = {isa = PBXBuildFile; fileRef = 7730C2CB23A015B800C400CB /* Extensions.swift */; };
		7730C2CF23A027F900C400CB /* PlayerViewController.swift in Sources */ = {isa = PBXBuildFile; fileRef = 7730C2CE23A027F900C400CB /* PlayerViewController.swift */; };
		777E7C9123A0E00B0069255B /* PageViewController.swift in Sources */ = {isa = PBXBuildFile; fileRef = 777E7C9023A0E00B0069255B /* PageViewController.swift */; };
		77923328239EF5680002F8A8 /* ContentCollectionViewCell.swift in Sources */ = {isa = PBXBuildFile; fileRef = 77923327239EF5680002F8A8 /* ContentCollectionViewCell.swift */; };
		77A6181223A0367700C65F20 /* PresentAnimator.swift in Sources */ = {isa = PBXBuildFile; fileRef = 77A6181123A0367700C65F20 /* PresentAnimator.swift */; };
		77DD63B7239EE1420079A946 /* AppDelegate.swift in Sources */ = {isa = PBXBuildFile; fileRef = 77DD63B6239EE1420079A946 /* AppDelegate.swift */; };
		77DD63B9239EE1420079A946 /* SceneDelegate.swift in Sources */ = {isa = PBXBuildFile; fileRef = 77DD63B8239EE1420079A946 /* SceneDelegate.swift */; };
		77DD63BB239EE1420079A946 /* ViewController.swift in Sources */ = {isa = PBXBuildFile; fileRef = 77DD63BA239EE1420079A946 /* ViewController.swift */; };
		77DD63BE239EE1420079A946 /* Main.storyboard in Resources */ = {isa = PBXBuildFile; fileRef = 77DD63BC239EE1420079A946 /* Main.storyboard */; };
		77DD63C0239EE1440079A946 /* Assets.xcassets in Resources */ = {isa = PBXBuildFile; fileRef = 77DD63BF239EE1440079A946 /* Assets.xcassets */; };
		77DD63C3239EE1440079A946 /* LaunchScreen.storyboard in Resources */ = {isa = PBXBuildFile; fileRef = 77DD63C1239EE1440079A946 /* LaunchScreen.storyboard */; };
		77DD63CE239EE1440079A946 /* RUMBLTests.swift in Sources */ = {isa = PBXBuildFile; fileRef = 77DD63CD239EE1440079A946 /* RUMBLTests.swift */; };
		77DD63DA239EE2DB0079A946 /* Utility.swift in Sources */ = {isa = PBXBuildFile; fileRef = 77DD63D9239EE2DB0079A946 /* Utility.swift */; };
		77DD63DC239EE3B90079A946 /* assignment.json in Resources */ = {isa = PBXBuildFile; fileRef = 77DD63DB239EE3B90079A946 /* assignment.json */; };
		77DD63DE239EE4160079A946 /* Constants.swift in Sources */ = {isa = PBXBuildFile; fileRef = 77DD63DD239EE4160079A946 /* Constants.swift */; };
		77DD63E1239EE5030079A946 /* ContentModel.swift in Sources */ = {isa = PBXBuildFile; fileRef = 77DD63E0239EE5030079A946 /* ContentModel.swift */; };
		77DD63E4239EECD90079A946 /* ViewControllerTableViewCell.swift in Sources */ = {isa = PBXBuildFile; fileRef = 77DD63E3239EECD90079A946 /* ViewControllerTableViewCell.swift */; };
/* End PBXBuildFile section */

/* Begin PBXContainerItemProxy section */
		77DD63CA239EE1440079A946 /* PBXContainerItemProxy */ = {
			isa = PBXContainerItemProxy;
			containerPortal = 77DD63AB239EE1420079A946 /* Project object */;
			proxyType = 1;
			remoteGlobalIDString = 77DD63B2239EE1420079A946;
			remoteInfo = RUMBL;
		};
/* End PBXContainerItemProxy section */

/* Begin PBXFileReference section */
		7730C2CB23A015B800C400CB /* Extensions.swift */ = {isa = PBXFileReference; lastKnownFileType = sourcecode.swift; path = Extensions.swift; sourceTree = "<group>"; };
		7730C2CE23A027F900C400CB /* PlayerViewController.swift */ = {isa = PBXFileReference; lastKnownFileType = sourcecode.swift; path = PlayerViewController.swift; sourceTree = "<group>"; };
		777E7C9023A0E00B0069255B /* PageViewController.swift */ = {isa = PBXFileReference; lastKnownFileType = sourcecode.swift; path = PageViewController.swift; sourceTree = "<group>"; };
		77923327239EF5680002F8A8 /* ContentCollectionViewCell.swift */ = {isa = PBXFileReference; lastKnownFileType = sourcecode.swift; path = ContentCollectionViewCell.swift; sourceTree = "<group>"; };
		77A6181123A0367700C65F20 /* PresentAnimator.swift */ = {isa = PBXFileReference; lastKnownFileType = sourcecode.swift; path = PresentAnimator.swift; sourceTree = "<group>"; };
		77DD63B3239EE1420079A946 /* RUMBL.app */ = {isa = PBXFileReference; explicitFileType = wrapper.application; includeInIndex = 0; path = RUMBL.app; sourceTree = BUILT_PRODUCTS_DIR; };
		77DD63B6239EE1420079A946 /* AppDelegate.swift */ = {isa = PBXFileReference; lastKnownFileType = sourcecode.swift; path = AppDelegate.swift; sourceTree = "<group>"; };
		77DD63B8239EE1420079A946 /* SceneDelegate.swift */ = {isa = PBXFileReference; lastKnownFileType = sourcecode.swift; path = SceneDelegate.swift; sourceTree = "<group>"; };
		77DD63BA239EE1420079A946 /* ViewController.swift */ = {isa = PBXFileReference; lastKnownFileType = sourcecode.swift; path = ViewController.swift; sourceTree = "<group>"; };
		77DD63BD239EE1420079A946 /* Base */ = {isa = PBXFileReference; lastKnownFileType = file.storyboard; name = Base; path = Base.lproj/Main.storyboard; sourceTree = "<group>"; };
		77DD63BF239EE1440079A946 /* Assets.xcassets */ = {isa = PBXFileReference; lastKnownFileType = folder.assetcatalog; path = Assets.xcassets; sourceTree = "<group>"; };
		77DD63C2239EE1440079A946 /* Base */ = {isa = PBXFileReference; lastKnownFileType = file.storyboard; name = Base; path = Base.lproj/LaunchScreen.storyboard; sourceTree = "<group>"; };
		77DD63C4239EE1440079A946 /* Info.plist */ = {isa = PBXFileReference; lastKnownFileType = text.plist.xml; path = Info.plist; sourceTree = "<group>"; };
		77DD63C9239EE1440079A946 /* RUMBLTests.xctest */ = {isa = PBXFileReference; explicitFileType = wrapper.cfbundle; includeInIndex = 0; path = RUMBLTests.xctest; sourceTree = BUILT_PRODUCTS_DIR; };
		77DD63CD239EE1440079A946 /* RUMBLTests.swift */ = {isa = PBXFileReference; lastKnownFileType = sourcecode.swift; path = RUMBLTests.swift; sourceTree = "<group>"; };
		77DD63CF239EE1440079A946 /* Info.plist */ = {isa = PBXFileReference; lastKnownFileType = text.plist.xml; path = Info.plist; sourceTree = "<group>"; };
		77DD63D9239EE2DB0079A946 /* Utility.swift */ = {isa = PBXFileReference; lastKnownFileType = sourcecode.swift; path = Utility.swift; sourceTree = "<group>"; };
		77DD63DB239EE3B90079A946 /* assignment.json */ = {isa = PBXFileReference; fileEncoding = 4; lastKnownFileType = text.json; path = assignment.json; sourceTree = "<group>"; };
		77DD63DD239EE4160079A946 /* Constants.swift */ = {isa = PBXFileReference; lastKnownFileType = sourcecode.swift; path = Constants.swift; sourceTree = "<group>"; };
		77DD63E0239EE5030079A946 /* ContentModel.swift */ = {isa = PBXFileReference; lastKnownFileType = sourcecode.swift; path = ContentModel.swift; sourceTree = "<group>"; };
		77DD63E3239EECD90079A946 /* ViewControllerTableViewCell.swift */ = {isa = PBXFileReference; lastKnownFileType = sourcecode.swift; path = ViewControllerTableViewCell.swift; sourceTree = "<group>"; };
/* End PBXFileReference section */

/* Begin PBXFrameworksBuildPhase section */
		77DD63B0239EE1420079A946 /* Frameworks */ = {
			isa = PBXFrameworksBuildPhase;
			buildActionMask = 2147483647;
			files = (
			);
			runOnlyForDeploymentPostprocessing = 0;
		};
		77DD63C6239EE1440079A946 /* Frameworks */ = {
			isa = PBXFrameworksBuildPhase;
			buildActionMask = 2147483647;
			files = (
			);
			runOnlyForDeploymentPostprocessing = 0;
		};
/* End PBXFrameworksBuildPhase section */

/* Begin PBXGroup section */
		7730C2CD23A0258600C400CB /* Controller */ = {
			isa = PBXGroup;
			children = (
				77DD63BA239EE1420079A946 /* ViewController.swift */,
				7730C2CE23A027F900C400CB /* PlayerViewController.swift */,
				777E7C9023A0E00B0069255B /* PageViewController.swift */,
			);
			path = Controller;
			sourceTree = "<group>";
		};
		77DD63AA239EE1420079A946 = {
			isa = PBXGroup;
			children = (
				77DD63B5239EE1420079A946 /* RUMBL */,
				77DD63CC239EE1440079A946 /* RUMBLTests */,
				77DD63B4239EE1420079A946 /* Products */,
			);
			sourceTree = "<group>";
		};
		77DD63B4239EE1420079A946 /* Products */ = {
			isa = PBXGroup;
			children = (
				77DD63B3239EE1420079A946 /* RUMBL.app */,
				77DD63C9239EE1440079A946 /* RUMBLTests.xctest */,
			);
			name = Products;
			sourceTree = "<group>";
		};
		77DD63B5239EE1420079A946 /* RUMBL */ = {
			isa = PBXGroup;
			children = (
				77DD63DB239EE3B90079A946 /* assignment.json */,
				77DD63D8239EE2C90079A946 /* Resources */,
				77DD63DF239EE4DF0079A946 /* Model */,
				77DD63E2239EEC840079A946 /* View */,
				7730C2CD23A0258600C400CB /* Controller */,
				77DD63B6239EE1420079A946 /* AppDelegate.swift */,
				77DD63B8239EE1420079A946 /* SceneDelegate.swift */,
				77DD63BC239EE1420079A946 /* Main.storyboard */,
				77DD63BF239EE1440079A946 /* Assets.xcassets */,
				77DD63C1239EE1440079A946 /* LaunchScreen.storyboard */,
				77DD63C4239EE1440079A946 /* Info.plist */,
			);
			path = RUMBL;
			sourceTree = "<group>";
		};
		77DD63CC239EE1440079A946 /* RUMBLTests */ = {
			isa = PBXGroup;
			children = (
				77DD63CD239EE1440079A946 /* RUMBLTests.swift */,
				77DD63CF239EE1440079A946 /* Info.plist */,
			);
			path = RUMBLTests;
			sourceTree = "<group>";
		};
		77DD63D8239EE2C90079A946 /* Resources */ = {
			isa = PBXGroup;
			children = (
				77DD63D9239EE2DB0079A946 /* Utility.swift */,
				77DD63DD239EE4160079A946 /* Constants.swift */,
				7730C2CB23A015B800C400CB /* Extensions.swift */,
			);
			path = Resources;
			sourceTree = "<group>";
		};
		77DD63DF239EE4DF0079A946 /* Model */ = {
			isa = PBXGroup;
			children = (
				77DD63E0239EE5030079A946 /* ContentModel.swift */,
			);
			path = Model;
			sourceTree = "<group>";
		};
		77DD63E2239EEC840079A946 /* View */ = {
			isa = PBXGroup;
			children = (
				77DD63E3239EECD90079A946 /* ViewControllerTableViewCell.swift */,
				77923327239EF5680002F8A8 /* ContentCollectionViewCell.swift */,
				77A6181123A0367700C65F20 /* PresentAnimator.swift */,
			);
			path = View;
			sourceTree = "<group>";
		};
/* End PBXGroup section */

/* Begin PBXNativeTarget section */
		77DD63B2239EE1420079A946 /* RUMBL */ = {
			isa = PBXNativeTarget;
			buildConfigurationList = 77DD63D2239EE1440079A946 /* Build configuration list for PBXNativeTarget "RUMBL" */;
			buildPhases = (
				77DD63AF239EE1420079A946 /* Sources */,
				77DD63B0239EE1420079A946 /* Frameworks */,
				77DD63B1239EE1420079A946 /* Resources */,
			);
			buildRules = (
			);
			dependencies = (
			);
			name = RUMBL;
			productName = RUMBL;
			productReference = 77DD63B3239EE1420079A946 /* RUMBL.app */;
			productType = "com.apple.product-type.application";
		};
		77DD63C8239EE1440079A946 /* RUMBLTests */ = {
			isa = PBXNativeTarget;
			buildConfigurationList = 77DD63D5239EE1440079A946 /* Build configuration list for PBXNativeTarget "RUMBLTests" */;
			buildPhases = (
				77DD63C5239EE1440079A946 /* Sources */,
				77DD63C6239EE1440079A946 /* Frameworks */,
				77DD63C7239EE1440079A946 /* Resources */,
			);
			buildRules = (
			);
			dependencies = (
				77DD63CB239EE1440079A946 /* PBXTargetDependency */,
			);
			name = RUMBLTests;
			productName = RUMBLTests;
			productReference = 77DD63C9239EE1440079A946 /* RUMBLTests.xctest */;
			productType = "com.apple.product-type.bundle.unit-test";
		};
/* End PBXNativeTarget section */

/* Begin PBXProject section */
		77DD63AB239EE1420079A946 /* Project object */ = {
			isa = PBXProject;
			attributes = {
				LastSwiftUpdateCheck = 1110;
				LastUpgradeCheck = 1110;
				ORGANIZATIONNAME = "Mayur Rathod";
				TargetAttributes = {
					77DD63B2239EE1420079A946 = {
						CreatedOnToolsVersion = 11.1;
					};
					77DD63C8239EE1440079A946 = {
						CreatedOnToolsVersion = 11.1;
						TestTargetID = 77DD63B2239EE1420079A946;
					};
				};
			};
			buildConfigurationList = 77DD63AE239EE1420079A946 /* Build configuration list for PBXProject "RUMBL" */;
			compatibilityVersion = "Xcode 9.3";
			developmentRegion = en;
			hasScannedForEncodings = 0;
			knownRegions = (
				en,
				Base,
			);
			mainGroup = 77DD63AA239EE1420079A946;
			productRefGroup = 77DD63B4239EE1420079A946 /* Products */;
			projectDirPath = "";
			projectRoot = "";
			targets = (
				77DD63B2239EE1420079A946 /* RUMBL */,
				77DD63C8239EE1440079A946 /* RUMBLTests */,
			);
		};
/* End PBXProject section */

/* Begin PBXResourcesBuildPhase section */
		77DD63B1239EE1420079A946 /* Resources */ = {
			isa = PBXResourcesBuildPhase;
			buildActionMask = 2147483647;
			files = (
				77DD63DC239EE3B90079A946 /* assignment.json in Resources */,
				77DD63C3239EE1440079A946 /* LaunchScreen.storyboard in Resources */,
				77DD63C0239EE1440079A946 /* Assets.xcassets in Resources */,
				77DD63BE239EE1420079A946 /* Main.storyboard in Resources */,
			);
			runOnlyForDeploymentPostprocessing = 0;
		};
		77DD63C7239EE1440079A946 /* Resources */ = {
			isa = PBXResourcesBuildPhase;
			buildActionMask = 2147483647;
			files = (
			);
			runOnlyForDeploymentPostprocessing = 0;
		};
/* End PBXResourcesBuildPhase section */

/* Begin PBXSourcesBuildPhase section */
		77DD63AF239EE1420079A946 /* Sources */ = {
			isa = PBXSourcesBuildPhase;
			buildActionMask = 2147483647;
			files = (
				77DD63DE239EE4160079A946 /* Constants.swift in Sources */,
				7730C2CC23A015B800C400CB /* Extensions.swift in Sources */,
				77DD63DA239EE2DB0079A946 /* Utility.swift in Sources */,
				777E7C9123A0E00B0069255B /* PageViewController.swift in Sources */,
				77DD63BB239EE1420079A946 /* ViewController.swift in Sources */,
				77DD63B7239EE1420079A946 /* AppDelegate.swift in Sources */,
				77923328239EF5680002F8A8 /* ContentCollectionViewCell.swift in Sources */,
				77DD63B9239EE1420079A946 /* SceneDelegate.swift in Sources */,
				77DD63E1239EE5030079A946 /* ContentModel.swift in Sources */,
				77DD63E4239EECD90079A946 /* ViewControllerTableViewCell.swift in Sources */,
				7730C2CF23A027F900C400CB /* PlayerViewController.swift in Sources */,
				77A6181223A0367700C65F20 /* PresentAnimator.swift in Sources */,
			);
			runOnlyForDeploymentPostprocessing = 0;
		};
		77DD63C5239EE1440079A946 /* Sources */ = {
			isa = PBXSourcesBuildPhase;
			buildActionMask = 2147483647;
			files = (
				77DD63CE239EE1440079A946 /* RUMBLTests.swift in Sources */,
			);
			runOnlyForDeploymentPostprocessing = 0;
		};
/* End PBXSourcesBuildPhase section */

/* Begin PBXTargetDependency section */
		77DD63CB239EE1440079A946 /* PBXTargetDependency */ = {
			isa = PBXTargetDependency;
			target = 77DD63B2239EE1420079A946 /* RUMBL */;
			targetProxy = 77DD63CA239EE1440079A946 /* PBXContainerItemProxy */;
		};
/* End PBXTargetDependency section */

/* Begin PBXVariantGroup section */
		77DD63BC239EE1420079A946 /* Main.storyboard */ = {
			isa = PBXVariantGroup;
			children = (
				77DD63BD239EE1420079A946 /* Base */,
			);
			name = Main.storyboard;
			sourceTree = "<group>";
		};
		77DD63C1239EE1440079A946 /* LaunchScreen.storyboard */ = {
			isa = PBXVariantGroup;
			children = (
				77DD63C2239EE1440079A946 /* Base */,
			);
			name = LaunchScreen.storyboard;
			sourceTree = "<group>";
		};
/* End PBXVariantGroup section */

/* Begin XCBuildConfiguration section */
		77DD63D0239EE1440079A946 /* Debug */ = {
			isa = XCBuildConfiguration;
			buildSettings = {
				ALWAYS_SEARCH_USER_PATHS = NO;
				CLANG_ANALYZER_NONNULL = YES;
				CLANG_ANALYZER_NUMBER_OBJECT_CONVERSION = YES_AGGRESSIVE;
				CLANG_CXX_LANGUAGE_STANDARD = "gnu++14";
				CLANG_CXX_LIBRARY = "libc++";
				CLANG_ENABLE_MODULES = YES;
				CLANG_ENABLE_OBJC_ARC = YES;
				CLANG_ENABLE_OBJC_WEAK = YES;
				CLANG_WARN_BLOCK_CAPTURE_AUTORELEASING = YES;
				CLANG_WARN_BOOL_CONVERSION = YES;
				CLANG_WARN_COMMA = YES;
				CLANG_WARN_CONSTANT_CONVERSION = YES;
				CLANG_WARN_DEPRECATED_OBJC_IMPLEMENTATIONS = YES;
				CLANG_WARN_DIRECT_OBJC_ISA_USAGE = YES_ERROR;
				CLANG_WARN_DOCUMENTATION_COMMENTS = YES;
				CLANG_WARN_EMPTY_BODY = YES;
				CLANG_WARN_ENUM_CONVERSION = YES;
				CLANG_WARN_INFINITE_RECURSION = YES;
				CLANG_WARN_INT_CONVERSION = YES;
				CLANG_WARN_NON_LITERAL_NULL_CONVERSION = YES;
				CLANG_WARN_OBJC_IMPLICIT_RETAIN_SELF = YES;
				CLANG_WARN_OBJC_LITERAL_CONVERSION = YES;
				CLANG_WARN_OBJC_ROOT_CLASS = YES_ERROR;
				CLANG_WARN_RANGE_LOOP_ANALYSIS = YES;
				CLANG_WARN_STRICT_PROTOTYPES = YES;
				CLANG_WARN_SUSPICIOUS_MOVE = YES;
				CLANG_WARN_UNGUARDED_AVAILABILITY = YES_AGGRESSIVE;
				CLANG_WARN_UNREACHABLE_CODE = YES;
				CLANG_WARN__DUPLICATE_METHOD_MATCH = YES;
				COPY_PHASE_STRIP = NO;
				DEBUG_INFORMATION_FORMAT = dwarf;
				ENABLE_STRICT_OBJC_MSGSEND = YES;
				ENABLE_TESTABILITY = YES;
				GCC_C_LANGUAGE_STANDARD = gnu11;
				GCC_DYNAMIC_NO_PIC = NO;
				GCC_NO_COMMON_BLOCKS = YES;
				GCC_OPTIMIZATION_LEVEL = 0;
				GCC_PREPROCESSOR_DEFINITIONS = (
					"DEBUG=1",
					"$(inherited)",
				);
				GCC_WARN_64_TO_32_BIT_CONVERSION = YES;
				GCC_WARN_ABOUT_RETURN_TYPE = YES_ERROR;
				GCC_WARN_UNDECLARED_SELECTOR = YES;
				GCC_WARN_UNINITIALIZED_AUTOS = YES_AGGRESSIVE;
				GCC_WARN_UNUSED_FUNCTION = YES;
				GCC_WARN_UNUSED_VARIABLE = YES;
				IPHONEOS_DEPLOYMENT_TARGET = 13.1;
				MTL_ENABLE_DEBUG_INFO = INCLUDE_SOURCE;
				MTL_FAST_MATH = YES;
				ONLY_ACTIVE_ARCH = YES;
				SDKROOT = iphoneos;
				SWIFT_ACTIVE_COMPILATION_CONDITIONS = DEBUG;
				SWIFT_OPTIMIZATION_LEVEL = "-Onone";
			};
			name = Debug;
		};
		77DD63D1239EE1440079A946 /* Release */ = {
			isa = XCBuildConfiguration;
			buildSettings = {
				ALWAYS_SEARCH_USER_PATHS = NO;
				CLANG_ANALYZER_NONNULL = YES;
				CLANG_ANALYZER_NUMBER_OBJECT_CONVERSION = YES_AGGRESSIVE;
				CLANG_CXX_LANGUAGE_STANDARD = "gnu++14";
				CLANG_CXX_LIBRARY = "libc++";
				CLANG_ENABLE_MODULES = YES;
				CLANG_ENABLE_OBJC_ARC = YES;
				CLANG_ENABLE_OBJC_WEAK = YES;
				CLANG_WARN_BLOCK_CAPTURE_AUTORELEASING = YES;
				CLANG_WARN_BOOL_CONVERSION = YES;
				CLANG_WARN_COMMA = YES;
				CLANG_WARN_CONSTANT_CONVERSION = YES;
				CLANG_WARN_DEPRECATED_OBJC_IMPLEMENTATIONS = YES;
				CLANG_WARN_DIRECT_OBJC_ISA_USAGE = YES_ERROR;
				CLANG_WARN_DOCUMENTATION_COMMENTS = YES;
				CLANG_WARN_EMPTY_BODY = YES;
				CLANG_WARN_ENUM_CONVERSION = YES;
				CLANG_WARN_INFINITE_RECURSION = YES;
				CLANG_WARN_INT_CONVERSION = YES;
				CLANG_WARN_NON_LITERAL_NULL_CONVERSION = YES;
				CLANG_WARN_OBJC_IMPLICIT_RETAIN_SELF = YES;
				CLANG_WARN_OBJC_LITERAL_CONVERSION = YES;
				CLANG_WARN_OBJC_ROOT_CLASS = YES_ERROR;
				CLANG_WARN_RANGE_LOOP_ANALYSIS = YES;
				CLANG_WARN_STRICT_PROTOTYPES = YES;
				CLANG_WARN_SUSPICIOUS_MOVE = YES;
				CLANG_WARN_UNGUARDED_AVAILABILITY = YES_AGGRESSIVE;
				CLANG_WARN_UNREACHABLE_CODE = YES;
				CLANG_WARN__DUPLICATE_METHOD_MATCH = YES;
				COPY_PHASE_STRIP = NO;
				DEBUG_INFORMATION_FORMAT = "dwarf-with-dsym";
				ENABLE_NS_ASSERTIONS = NO;
				ENABLE_STRICT_OBJC_MSGSEND = YES;
				GCC_C_LANGUAGE_STANDARD = gnu11;
				GCC_NO_COMMON_BLOCKS = YES;
				GCC_WARN_64_TO_32_BIT_CONVERSION = YES;
				GCC_WARN_ABOUT_RETURN_TYPE = YES_ERROR;
				GCC_WARN_UNDECLARED_SELECTOR = YES;
				GCC_WARN_UNINITIALIZED_AUTOS = YES_AGGRESSIVE;
				GCC_WARN_UNUSED_FUNCTION = YES;
				GCC_WARN_UNUSED_VARIABLE = YES;
				IPHONEOS_DEPLOYMENT_TARGET = 13.1;
				MTL_ENABLE_DEBUG_INFO = NO;
				MTL_FAST_MATH = YES;
				SDKROOT = iphoneos;
				SWIFT_COMPILATION_MODE = wholemodule;
				SWIFT_OPTIMIZATION_LEVEL = "-O";
				VALIDATE_PRODUCT = YES;
			};
			name = Release;
		};
		77DD63D3239EE1440079A946 /* Debug */ = {
			isa = XCBuildConfiguration;
			buildSettings = {
				ASSETCATALOG_COMPILER_APPICON_NAME = AppIcon;
				CODE_SIGN_STYLE = Automatic;
				DEVELOPMENT_TEAM = AFBHHNX58G;
				INFOPLIST_FILE = RUMBL/Info.plist;
				LD_RUNPATH_SEARCH_PATHS = (
					"$(inherited)",
					"@executable_path/Frameworks",
				);
				PRODUCT_BUNDLE_IDENTIFIER = com.mayur.RUMBL;
				PRODUCT_NAME = "$(TARGET_NAME)";
				SWIFT_VERSION = 5.0;
				TARGETED_DEVICE_FAMILY = "1,2";
			};
			name = Debug;
		};
		77DD63D4239EE1440079A946 /* Release */ = {
			isa = XCBuildConfiguration;
			buildSettings = {
				ASSETCATALOG_COMPILER_APPICON_NAME = AppIcon;
				CODE_SIGN_STYLE = Automatic;
				DEVELOPMENT_TEAM = AFBHHNX58G;
				INFOPLIST_FILE = RUMBL/Info.plist;
				LD_RUNPATH_SEARCH_PATHS = (
					"$(inherited)",
					"@executable_path/Frameworks",
				);
				PRODUCT_BUNDLE_IDENTIFIER = com.mayur.RUMBL;
				PRODUCT_NAME = "$(TARGET_NAME)";
				SWIFT_VERSION = 5.0;
				TARGETED_DEVICE_FAMILY = "1,2";
			};
			name = Release;
		};
		77DD63D6239EE1440079A946 /* Debug */ = {
			isa = XCBuildConfiguration;
			buildSettings = {
				ALWAYS_EMBED_SWIFT_STANDARD_LIBRARIES = YES;
				BUNDLE_LOADER = "$(TEST_HOST)";
				CODE_SIGN_STYLE = Automatic;
				DEVELOPMENT_TEAM = AFBHHNX58G;
				INFOPLIST_FILE = RUMBLTests/Info.plist;
				IPHONEOS_DEPLOYMENT_TARGET = 13.1;
				LD_RUNPATH_SEARCH_PATHS = (
					"$(inherited)",
					"@executable_path/Frameworks",
					"@loader_path/Frameworks",
				);
				PRODUCT_BUNDLE_IDENTIFIER = com.mayur.RUMBLTests;
				PRODUCT_NAME = "$(TARGET_NAME)";
				SWIFT_VERSION = 5.0;
				TARGETED_DEVICE_FAMILY = "1,2";
				TEST_HOST = "$(BUILT_PRODUCTS_DIR)/RUMBL.app/RUMBL";
			};
			name = Debug;
		};
		77DD63D7239EE1440079A946 /* Release */ = {
			isa = XCBuildConfiguration;
			buildSettings = {
				ALWAYS_EMBED_SWIFT_STANDARD_LIBRARIES = YES;
				BUNDLE_LOADER = "$(TEST_HOST)";
				CODE_SIGN_STYLE = Automatic;
				DEVELOPMENT_TEAM = AFBHHNX58G;
				INFOPLIST_FILE = RUMBLTests/Info.plist;
				IPHONEOS_DEPLOYMENT_TARGET = 13.1;
				LD_RUNPATH_SEARCH_PATHS = (
					"$(inherited)",
					"@executable_path/Frameworks",
					"@loader_path/Frameworks",
				);
				PRODUCT_BUNDLE_IDENTIFIER = com.mayur.RUMBLTests;
				PRODUCT_NAME = "$(TARGET_NAME)";
				SWIFT_VERSION = 5.0;
				TARGETED_DEVICE_FAMILY = "1,2";
				TEST_HOST = "$(BUILT_PRODUCTS_DIR)/RUMBL.app/RUMBL";
			};
			name = Release;
		};
/* End XCBuildConfiguration section */

/* Begin XCConfigurationList section */
		77DD63AE239EE1420079A946 /* Build configuration list for PBXProject "RUMBL" */ = {
			isa = XCConfigurationList;
			buildConfigurations = (
				77DD63D0239EE1440079A946 /* Debug */,
				77DD63D1239EE1440079A946 /* Release */,
			);
			defaultConfigurationIsVisible = 0;
			defaultConfigurationName = Release;
		};
		77DD63D2239EE1440079A946 /* Build configuration list for PBXNativeTarget "RUMBL" */ = {
			isa = XCConfigurationList;
			buildConfigurations = (
				77DD63D3239EE1440079A946 /* Debug */,
				77DD63D4239EE1440079A946 /* Release */,
			);
			defaultConfigurationIsVisible = 0;
			defaultConfigurationName = Release;
		};
		77DD63D5239EE1440079A946 /* Build configuration list for PBXNativeTarget "RUMBLTests" */ = {
			isa = XCConfigurationList;
			buildConfigurations = (
				77DD63D6239EE1440079A946 /* Debug */,
				77DD63D7239EE1440079A946 /* Release */,
			);
			defaultConfigurationIsVisible = 0;
			defaultConfigurationName = Release;
		};
/* End XCConfigurationList section */
	};
	rootObject = 77DD63AB239EE1420079A946 /* Project object */;
}
